
Microsoft Visual Studio Solution File, Format Version 12.00
# Visual Studio 2015
Project("{FAE04EC0-301F-11D3-BF4B-00C04F79EFBC}") = "UnityVS.Supernova2.CSharp", "UnityVS.Supernova2.CSharp.csproj", "{44311CF8-3E29-0AEA-6519-C031A336474C}"
EndProject
Global
	GlobalSection(SolutionConfigurationPlatforms) = preSolution
		Debug|Any CPU = Debug|Any CPU
		Release|Any CPU = Release|Any CPU
	EndGlobalSection
	GlobalSection(ProjectConfigurationPlatforms) = postSolution
		{44311CF8-3E29-0AEA-6519-C031A336474C}.Debug|Any CPU.ActiveCfg = Debug|Any CPU
		{44311CF8-3E29-0AEA-6519-C031A336474C}.Debug|Any CPU.Build.0 = Debug|Any CPU
		{44311CF8-3E29-0AEA-6519-C031A336474C}.Release|Any CPU.ActiveCfg = Release|Any CPU
		{44311CF8-3E29-0AEA-6519-C031A336474C}.Release|Any CPU.Build.0 = Release|Any CPU
	EndGlobalSection
	GlobalSection(SolutionProperties) = preSolution
		HideSolutionNode = FALSE
	EndGlobalSection
EndGlobal
